// !$*UTF8*$!
{
	archiveVersion = 1;
	classes = {
	};
	objectVersion = 50;
	objects = {

/* Begin PBXBuildFile section */
		4E6A38E62739009300114C4D /* Ball.swift in Sources */ = {isa = PBXBuildFile; fileRef = 4E6A38E52739009300114C4D /* Ball.swift */; };
		4E6A38ED27390B6500114C4D /* DiffableDataSource.swift in Sources */ = {isa = PBXBuildFile; fileRef = 4E6A38EC27390B6500114C4D /* DiffableDataSource.swift */; };
		4E6A38F0273918B700114C4D /* DetailViewController.swift in Sources */ = {isa = PBXBuildFile; fileRef = 4E6A38EF273918B700114C4D /* DetailViewController.swift */; };
		4E8182B5272FC24D00BC9C56 /* AppDelegate.swift in Sources */ = {isa = PBXBuildFile; fileRef = 4E8182B4272FC24D00BC9C56 /* AppDelegate.swift */; };
		4E8182B7272FC24D00BC9C56 /* SceneDelegate.swift in Sources */ = {isa = PBXBuildFile; fileRef = 4E8182B6272FC24D00BC9C56 /* SceneDelegate.swift */; };
		4E8182BC272FC24D00BC9C56 /* Main.storyboard in Resources */ = {isa = PBXBuildFile; fileRef = 4E8182BA272FC24D00BC9C56 /* Main.storyboard */; };
		4E8182BE272FC24D00BC9C56 /* Assets.xcassets in Resources */ = {isa = PBXBuildFile; fileRef = 4E8182BD272FC24D00BC9C56 /* Assets.xcassets */; };
		4E8182C1272FC24D00BC9C56 /* LaunchScreen.storyboard in Resources */ = {isa = PBXBuildFile; fileRef = 4E8182BF272FC24D00BC9C56 /* LaunchScreen.storyboard */; };
		4E8182CB272FC72800BC9C56 /* TableViewController.swift in Sources */ = {isa = PBXBuildFile; fileRef = 4E8182CA272FC72800BC9C56 /* TableViewController.swift */; };
		4E8182CE272FDDCF00BC9C56 /* TableViewCell.swift in Sources */ = {isa = PBXBuildFile; fileRef = 4E8182CD272FDDCF00BC9C56 /* TableViewCell.swift */; };
/* End PBXBuildFile section */

/* Begin PBXFileReference section */
		4E6A38E52739009300114C4D /* Ball.swift */ = {isa = PBXFileReference; lastKnownFileType = sourcecode.swift; path = Ball.swift; sourceTree = "<group>"; };
		4E6A38EC27390B6500114C4D /* DiffableDataSource.swift */ = {isa = PBXFileReference; lastKnownFileType = sourcecode.swift; path = DiffableDataSource.swift; sourceTree = "<group>"; };
		4E6A38EF273918B700114C4D /* DetailViewController.swift */ = {isa = PBXFileReference; lastKnownFileType = sourcecode.swift; path = DetailViewController.swift; sourceTree = "<group>"; };
		4E8182B1272FC24D00BC9C56 /* FoodPin.app */ = {isa = PBXFileReference; explicitFileType = wrapper.application; includeInIndex = 0; path = FoodPin.app; sourceTree = BUILT_PRODUCTS_DIR; };
		4E8182B4272FC24D00BC9C56 /* AppDelegate.swift */ = {isa = PBXFileReference; lastKnownFileType = sourcecode.swift; path = AppDelegate.swift; sourceTree = "<group>"; };
		4E8182B6272FC24D00BC9C56 /* SceneDelegate.swift */ = {isa = PBXFileReference; lastKnownFileType = sourcecode.swift; path = SceneDelegate.swift; sourceTree = "<group>"; };
		4E8182BB272FC24D00BC9C56 /* Base */ = {isa = PBXFileReference; lastKnownFileType = file.storyboard; name = Base; path = Base.lproj/Main.storyboard; sourceTree = "<group>"; };
		4E8182BD272FC24D00BC9C56 /* Assets.xcassets */ = {isa = PBXFileReference; lastKnownFileType = folder.assetcatalog; path = Assets.xcassets; sourceTree = "<group>"; };
		4E8182C0272FC24D00BC9C56 /* Base */ = {isa = PBXFileReference; lastKnownFileType = file.storyboard; name = Base; path = Base.lproj/LaunchScreen.storyboard; sourceTree = "<group>"; };
		4E8182C2272FC24D00BC9C56 /* Info.plist */ = {isa = PBXFileReference; lastKnownFileType = text.plist.xml; path = Info.plist; sourceTree = "<group>"; };
		4E8182CA272FC72800BC9C56 /* TableViewController.swift */ = {isa = PBXFileReference; lastKnownFileType = sourcecode.swift; path = TableViewController.swift; sourceTree = "<group>"; };
		4E8182CD272FDDCF00BC9C56 /* TableViewCell.swift */ = {isa = PBXFileReference; lastKnownFileType = sourcecode.swift; path = TableViewCell.swift; sourceTree = "<group>"; };
/* End PBXFileReference section */

/* Begin PBXFrameworksBuildPhase section */
		4E8182AE272FC24D00BC9C56 /* Frameworks */ = {
			isa = PBXFrameworksBuildPhase;
			buildActionMask = 2147483647;
			files = (
			);
			runOnlyForDeploymentPostprocessing = 0;
		};
/* End PBXFrameworksBuildPhase section */

/* Begin PBXGroup section */
		4E6A38E82739059600114C4D /* Model */ = {
			isa = PBXGroup;
			children = (
				4E6A38E52739009300114C4D /* Ball.swift */,
				4E6A38EC27390B6500114C4D /* DiffableDataSource.swift */,
			);
			path = Model;
			sourceTree = "<group>";
		};
		4E6A38E9273905A800114C4D /* View */ = {
			isa = PBXGroup;
			children = (
				4E8182CD272FDDCF00BC9C56 /* TableViewCell.swift */,
			);
			path = View;
			sourceTree = "<group>";
		};
		4E6A38EA273905B400114C4D /* Controller */ = {
			isa = PBXGroup;
			children = (
				4E8182CA272FC72800BC9C56 /* TableViewController.swift */,
				4E6A38EF273918B700114C4D /* DetailViewController.swift */,
			);
			path = Controller;
			sourceTree = "<group>";
		};
		4E8182A8272FC24D00BC9C56 = {
			isa = PBXGroup;
			children = (
				4E8182B3272FC24D00BC9C56 /* FoodPin */,
				4E8182B2272FC24D00BC9C56 /* Products */,
			);
			sourceTree = "<group>";
		};
		4E8182B2272FC24D00BC9C56 /* Products */ = {
			isa = PBXGroup;
			children = (
				4E8182B1272FC24D00BC9C56 /* FoodPin.app */,
			);
			name = Products;
			sourceTree = "<group>";
		};
		4E8182B3272FC24D00BC9C56 /* FoodPin */ = {
			isa = PBXGroup;
			children = (
				4E6A38EA273905B400114C4D /* Controller */,
				4E6A38E9273905A800114C4D /* View */,
				4E6A38E82739059600114C4D /* Model */,
				4E8182B4272FC24D00BC9C56 /* AppDelegate.swift */,
				4E8182B6272FC24D00BC9C56 /* SceneDelegate.swift */,
				4E8182BA272FC24D00BC9C56 /* Main.storyboard */,
				4E8182BD272FC24D00BC9C56 /* Assets.xcassets */,
				4E8182BF272FC24D00BC9C56 /* LaunchScreen.storyboard */,
				4E8182C2272FC24D00BC9C56 /* Info.plist */,
			);
			path = FoodPin;
			sourceTree = "<group>";
		};
/* End PBXGroup section */

/* Begin PBXNativeTarget section */
		4E8182B0272FC24D00BC9C56 /* FoodPin */ = {
			isa = PBXNativeTarget;
			buildConfigurationList = 4E8182C5272FC24D00BC9C56 /* Build configuration list for PBXNativeTarget "FoodPin" */;
			buildPhases = (
				4E8182AD272FC24D00BC9C56 /* Sources */,
				4E8182AE272FC24D00BC9C56 /* Frameworks */,
				4E8182AF272FC24D00BC9C56 /* Resources */,
			);
			buildRules = (
			);
			dependencies = (
			);
			name = FoodPin;
			productName = FoodPin;
			productReference = 4E8182B1272FC24D00BC9C56 /* FoodPin.app */;
			productType = "com.apple.product-type.application";
		};
/* End PBXNativeTarget section */

/* Begin PBXProject section */
		4E8182A9272FC24D00BC9C56 /* Project object */ = {
			isa = PBXProject;
			attributes = {
				LastSwiftUpdateCheck = 1240;
				LastUpgradeCheck = 1240;
				TargetAttributes = {
					4E8182B0272FC24D00BC9C56 = {
						CreatedOnToolsVersion = 12.4;
					};
				};
			};
			buildConfigurationList = 4E8182AC272FC24D00BC9C56 /* Build configuration list for PBXProject "FoodPin" */;
			compatibilityVersion = "Xcode 9.3";
			developmentRegion = en;
			hasScannedForEncodings = 0;
			knownRegions = (
				en,
				Base,
			);
			mainGroup = 4E8182A8272FC24D00BC9C56;
			productRefGroup = 4E8182B2272FC24D00BC9C56 /* Products */;
			projectDirPath = "";
			projectRoot = "";
			targets = (
				4E8182B0272FC24D00BC9C56 /* FoodPin */,
			);
		};
/* End PBXProject section */

/* Begin PBXResourcesBuildPhase section */
		4E8182AF272FC24D00BC9C56 /* Resources */ = {
			isa = PBXResourcesBuildPhase;
			buildActionMask = 2147483647;
			files = (
				4E8182C1272FC24D00BC9C56 /* LaunchScreen.storyboard in Resources */,
				4E8182BE272FC24D00BC9C56 /* Assets.xcassets in Resources */,
				4E8182BC272FC24D00BC9C56 /* Main.storyboard in Resources */,
			);
			runOnlyForDeploymentPostprocessing = 0;
		};
/* End PBXResourcesBuildPhase section */

/* Begin PBXSourcesBuildPhase section */
		4E8182AD272FC24D00BC9C56 /* Sources */ = {
			isa = PBXSourcesBuildPhase;
			buildActionMask = 2147483647;
			files = (
				4E6A38E62739009300114C4D /* Ball.swift in Sources */,
				4E8182B5272FC24D00BC9C56 /* AppDelegate.swift in Sources */,
				4E8182CE272FDDCF00BC9C56 /* TableViewCell.swift in Sources */,
				4E8182CB272FC72800BC9C56 /* TableViewController.swift in Sources */,
				4E8182B7272FC24D00BC9C56 /* SceneDelegate.swift in Sources */,
				4E6A38ED27390B6500114C4D /* DiffableDataSource.swift in Sources */,
				4E6A38F0273918B700114C4D /* DetailViewController.swift in Sources */,
			);
			runOnlyForDeploymentPostprocessing = 0;
		};
/* End PBXSourcesBuildPhase section */

/* Begin PBXVariantGroup section */
		4E8182BA272FC24D00BC9C56 /* Main.storyboard */ = {
			isa = PBXVariantGroup;
			children = (
				4E8182BB272FC24D00BC9C56 /* Base */,
			);
			name = Main.storyboard;
			sourceTree = "<group>";
		};
		4E8182BF272FC24D00BC9C56 /* LaunchScreen.storyboard */ = {
			isa = PBXVariantGroup;
			children = (
				4E8182C0272FC24D00BC9C56 /* Base */,
			);
			name = LaunchScreen.storyboard;
			sourceTree = "<group>";
		};
/* End PBXVariantGroup section */

/* Begin XCBuildConfiguration section */
		4E8182C3272FC24D00BC9C56 /* Debug */ = {
			isa = XCBuildConfiguration;
			buildSettings = {
				ALWAYS_SEARCH_USER_PATHS = NO;
				CLANG_ANALYZER_NONNULL = YES;
				CLANG_ANALYZER_NUMBER_OBJECT_CONVERSION = YES_AGGRESSIVE;
				CLANG_CXX_LANGUAGE_STANDARD = "gnu++14";
				CLANG_CXX_LIBRARY = "libc++";
				CLANG_ENABLE_MODULES = YES;
				CLANG_ENABLE_OBJC_ARC = YES;
				CLANG_ENABLE_OBJC_WEAK = YES;
				CLANG_WARN_BLOCK_CAPTURE_AUTORELEASING = YES;
				CLANG_WARN_BOOL_CONVERSION = YES;
				CLANG_WARN_COMMA = YES;
				CLANG_WARN_CONSTANT_CONVERSION = YES;
				CLANG_WARN_DEPRECATED_OBJC_IMPLEMENTATIONS = YES;
				CLANG_WARN_DIRECT_OBJC_ISA_USAGE = YES_ERROR;
				CLANG_WARN_DOCUMENTATION_COMMENTS = YES;
				CLANG_WARN_EMPTY_BODY = YES;
				CLANG_WARN_ENUM_CONVERSION = YES;
				CLANG_WARN_INFINITE_RECURSION = YES;
				CLANG_WARN_INT_CONVERSION = YES;
				CLANG_WARN_NON_LITERAL_NULL_CONVERSION = YES;
				CLANG_WARN_OBJC_IMPLICIT_RETAIN_SELF = YES;
				CLANG_WARN_OBJC_LITERAL_CONVERSION = YES;
				CLANG_WARN_OBJC_ROOT_CLASS = YES_ERROR;
				CLANG_WARN_QUOTED_INCLUDE_IN_FRAMEWORK_HEADER = YES;
				CLANG_WARN_RANGE_LOOP_ANALYSIS = YES;
				CLANG_WARN_STRICT_PROTOTYPES = YES;
				CLANG_WARN_SUSPICIOUS_MOVE = YES;
				CLANG_WARN_UNGUARDED_AVAILABILITY = YES_AGGRESSIVE;
				CLANG_WARN_UNREACHABLE_CODE = YES;
				CLANG_WARN__DUPLICATE_METHOD_MATCH = YES;
				COPY_PHASE_STRIP = NO;
				DEBUG_INFORMATION_FORMAT = dwarf;
				ENABLE_STRICT_OBJC_MSGSEND = YES;
				ENABLE_TESTABILITY = YES;
				GCC_C_LANGUAGE_STANDARD = gnu11;
				GCC_DYNAMIC_NO_PIC = NO;
				GCC_NO_COMMON_BLOCKS = YES;
				GCC_OPTIMIZATION_LEVEL = 0;
				GCC_PREPROCESSOR_DEFINITIONS = (
					"DEBUG=1",
					"$(inherited)",
				);
				GCC_WARN_64_TO_32_BIT_CONVERSION = YES;
				GCC_WARN_ABOUT_RETURN_TYPE = YES_ERROR;
				GCC_WARN_UNDECLARED_SELECTOR = YES;
				GCC_WARN_UNINITIALIZED_AUTOS = YES_AGGRESSIVE;
				GCC_WARN_UNUSED_FUNCTION = YES;
				GCC_WARN_UNUSED_VARIABLE = YES;
				IPHONEOS_DEPLOYMENT_TARGET = 14.4;
				MTL_ENABLE_DEBUG_INFO = INCLUDE_SOURCE;
				MTL_FAST_MATH = YES;
				ONLY_ACTIVE_ARCH = YES;
				SDKROOT = iphoneos;
				SWIFT_ACTIVE_COMPILATION_CONDITIONS = DEBUG;
				SWIFT_OPTIMIZATION_LEVEL = "-Onone";
			};
			name = Debug;
		};
		4E8182C4272FC24D00BC9C56 /* Release */ = {
			isa = XCBuildConfiguration;
			buildSettings = {
				ALWAYS_SEARCH_USER_PATHS = NO;
				CLANG_ANALYZER_NONNULL = YES;
				CLANG_ANALYZER_NUMBER_OBJECT_CONVERSION = YES_AGGRESSIVE;
				CLANG_CXX_LANGUAGE_STANDARD = "gnu++14";
				CLANG_CXX_LIBRARY = "libc++";
				CLANG_ENABLE_MODULES = YES;
				CLANG_ENABLE_OBJC_ARC = YES;
				CLANG_ENABLE_OBJC_WEAK = YES;
				CLANG_WARN_BLOCK_CAPTURE_AUTORELEASING = YES;
				CLANG_WARN_BOOL_CONVERSION = YES;
				CLANG_WARN_COMMA = YES;
				CLANG_WARN_CONSTANT_CONVERSION = YES;
				CLANG_WARN_DEPRECATED_OBJC_IMPLEMENTATIONS = YES;
				CLANG_WARN_DIRECT_OBJC_ISA_USAGE = YES_ERROR;
				CLANG_WARN_DOCUMENTATION_COMMENTS = YES;
				CLANG_WARN_EMPTY_BODY = YES;
				CLANG_WARN_ENUM_CONVERSION = YES;
				CLANG_WARN_INFINITE_RECURSION = YES;
				CLANG_WARN_INT_CONVERSION = YES;
				CLANG_WARN_NON_LITERAL_NULL_CONVERSION = YES;
				CLANG_WARN_OBJC_IMPLICIT_RETAIN_SELF = YES;
				CLANG_WARN_OBJC_LITERAL_CONVERSION = YES;
				CLANG_WARN_OBJC_ROOT_CLASS = YES_ERROR;
				CLANG_WARN_QUOTED_INCLUDE_IN_FRAMEWORK_HEADER = YES;
				CLANG_WARN_RANGE_LOOP_ANALYSIS = YES;
				CLANG_WARN_STRICT_PROTOTYPES = YES;
				CLANG_WARN_SUSPICIOUS_MOVE = YES;
				CLANG_WARN_UNGUARDED_AVAILABILITY = YES_AGGRESSIVE;
				CLANG_WARN_UNREACHABLE_CODE = YES;
				CLANG_WARN__DUPLICATE_METHOD_MATCH = YES;
				COPY_PHASE_STRIP = NO;
				DEBUG_INFORMATION_FORMAT = "dwarf-with-dsym";
				ENABLE_NS_ASSERTIONS = NO;
				ENABLE_STRICT_OBJC_MSGSEND = YES;
				GCC_C_LANGUAGE_STANDARD = gnu11;
				GCC_NO_COMMON_BLOCKS = YES;
				GCC_WARN_64_TO_32_BIT_CONVERSION = YES;
				GCC_WARN_ABOUT_RETURN_TYPE = YES_ERROR;
				GCC_WARN_UNDECLARED_SELECTOR = YES;
				GCC_WARN_UNINITIALIZED_AUTOS = YES_AGGRESSIVE;
				GCC_WARN_UNUSED_FUNCTION = YES;
				GCC_WARN_UNUSED_VARIABLE = YES;
				IPHONEOS_DEPLOYMENT_TARGET = 14.4;
				MTL_ENABLE_DEBUG_INFO = NO;
				MTL_FAST_MATH = YES;
				SDKROOT = iphoneos;
				SWIFT_COMPILATION_MODE = wholemodule;
				SWIFT_OPTIMIZATION_LEVEL = "-O";
				VALIDATE_PRODUCT = YES;
			};
			name = Release;
		};
		4E8182C6272FC24D00BC9C56 /* Debug */ = {
			isa = XCBuildConfiguration;
			buildSettings = {
				ASSETCATALOG_COMPILER_APPICON_NAME = AppIcon;
				ASSETCATALOG_COMPILER_GLOBAL_ACCENT_COLOR_NAME = AccentColor;
				CODE_SIGN_STYLE = Automatic;
				INFOPLIST_FILE = FoodPin/Info.plist;
				LD_RUNPATH_SEARCH_PATHS = (
					"$(inherited)",
					"@executable_path/Frameworks",
				);
				PRODUCT_BUNDLE_IDENTIFIER = com.ndhu.FoodPin;
				PRODUCT_NAME = "$(TARGET_NAME)";
				SWIFT_VERSION = 5.0;
				TARGETED_DEVICE_FAMILY = "1,2";
			};
			name = Debug;
		};
		4E8182C7272FC24D00BC9C56 /* Release */ = {
			isa = XCBuildConfiguration;
			buildSettings = {
				ASSETCATALOG_COMPILER_APPICON_NAME = AppIcon;
				ASSETCATALOG_COMPILER_GLOBAL_ACCENT_COLOR_NAME = AccentColor;
				CODE_SIGN_STYLE = Automatic;
				INFOPLIST_FILE = FoodPin/Info.plist;
				LD_RUNPATH_SEARCH_PATHS = (
					"$(inherited)",
					"@executable_path/Frameworks",
				);
				PRODUCT_BUNDLE_IDENTIFIER = com.ndhu.FoodPin;
				PRODUCT_NAME = "$(TARGET_NAME)";
				SWIFT_VERSION = 5.0;
				TARGETED_DEVICE_FAMILY = "1,2";
			};
			name = Release;
		};
/* End XCBuildConfiguration section */

/* Begin XCConfigurationList section */
		4E8182AC272FC24D00BC9C56 /* Build configuration list for PBXProject "FoodPin" */ = {
			isa = XCConfigurationList;
			buildConfigurations = (
				4E8182C3272FC24D00BC9C56 /* Debug */,
				4E8182C4272FC24D00BC9C56 /* Release */,
			);
			defaultConfigurationIsVisible = 0;
			defaultConfigurationName = Release;
		};
		4E8182C5272FC24D00BC9C56 /* Build configuration list for PBXNativeTarget "FoodPin" */ = {
			isa = XCConfigurationList;
			buildConfigurations = (
				4E8182C6272FC24D00BC9C56 /* Debug */,
				4E8182C7272FC24D00BC9C56 /* Release */,
			);
			defaultConfigurationIsVisible = 0;
			defaultConfigurationName = Release;
		};
/* End XCConfigurationList section */
	};
	rootObject = 4E8182A9272FC24D00BC9C56 /* Project object */;
}
